// !$*UTF8*$!
{
	archiveVersion = 1;
	classes = {
	};
	objectVersion = 55;
	objects = {

/* Begin PBXBuildFile section */
		E127D4BC27FFCBEA004CE024 /* projetoBase_MVVMApp.swift in Sources */ = {isa = PBXBuildFile; fileRef = E127D4BB27FFCBEA004CE024 /* projetoBase_MVVMApp.swift */; };
		E127D4BE27FFCBEA004CE024 /* ContentView.swift in Sources */ = {isa = PBXBuildFile; fileRef = E127D4BD27FFCBEA004CE024 /* ContentView.swift */; };
		E127D4C027FFCBEE004CE024 /* Assets.xcassets in Resources */ = {isa = PBXBuildFile; fileRef = E127D4BF27FFCBEE004CE024 /* Assets.xcassets */; };
		E127D4C327FFCBEE004CE024 /* Preview Assets.xcassets in Resources */ = {isa = PBXBuildFile; fileRef = E127D4C227FFCBEE004CE024 /* Preview Assets.xcassets */; };
		E127D4D728033250004CE024 /* APIConstants.swift in Sources */ = {isa = PBXBuildFile; fileRef = E127D4D628033250004CE024 /* APIConstants.swift */; };
		E127D4D92803348C004CE024 /* Model.swift in Sources */ = {isa = PBXBuildFile; fileRef = E127D4D82803348C004CE024 /* Model.swift */; };
		E127D4DB28033799004CE024 /* QuoteView.swift in Sources */ = {isa = PBXBuildFile; fileRef = E127D4DA28033799004CE024 /* QuoteView.swift */; };
		E127D4DD28039C16004CE024 /* QuotesScreen.swift in Sources */ = {isa = PBXBuildFile; fileRef = E127D4DC28039C16004CE024 /* QuotesScreen.swift */; };
		E127D4DF28039C44004CE024 /* QuotesService.swift in Sources */ = {isa = PBXBuildFile; fileRef = E127D4DE28039C44004CE024 /* QuotesService.swift */; };
		E127D4E12804E3C0004CE024 /* QuotesViewModel.swift in Sources */ = {isa = PBXBuildFile; fileRef = E127D4E02804E3C0004CE024 /* QuotesViewModel.swift */; };
		E127D4E32804E459004CE024 /* View+Preview.swift in Sources */ = {isa = PBXBuildFile; fileRef = E127D4E22804E459004CE024 /* View+Preview.swift */; };
		E127D4E52804E4A7004CE024 /* LoadingView.swift in Sources */ = {isa = PBXBuildFile; fileRef = E127D4E42804E4A7004CE024 /* LoadingView.swift */; };
/* End PBXBuildFile section */

/* Begin PBXFileReference section */
		E127D4B827FFCBEA004CE024 /* projetoBase_MVVM.app */ = {isa = PBXFileReference; explicitFileType = wrapper.application; includeInIndex = 0; path = projetoBase_MVVM.app; sourceTree = BUILT_PRODUCTS_DIR; };
		E127D4BB27FFCBEA004CE024 /* projetoBase_MVVMApp.swift */ = {isa = PBXFileReference; lastKnownFileType = sourcecode.swift; path = projetoBase_MVVMApp.swift; sourceTree = "<group>"; };
		E127D4BD27FFCBEA004CE024 /* ContentView.swift */ = {isa = PBXFileReference; lastKnownFileType = sourcecode.swift; path = ContentView.swift; sourceTree = "<group>"; };
		E127D4BF27FFCBEE004CE024 /* Assets.xcassets */ = {isa = PBXFileReference; lastKnownFileType = folder.assetcatalog; path = Assets.xcassets; sourceTree = "<group>"; };
		E127D4C227FFCBEE004CE024 /* Preview Assets.xcassets */ = {isa = PBXFileReference; lastKnownFileType = folder.assetcatalog; path = "Preview Assets.xcassets"; sourceTree = "<group>"; };
		E127D4D628033250004CE024 /* APIConstants.swift */ = {isa = PBXFileReference; lastKnownFileType = sourcecode.swift; path = APIConstants.swift; sourceTree = "<group>"; };
		E127D4D82803348C004CE024 /* Model.swift */ = {isa = PBXFileReference; lastKnownFileType = sourcecode.swift; path = Model.swift; sourceTree = "<group>"; };
		E127D4DA28033799004CE024 /* QuoteView.swift */ = {isa = PBXFileReference; lastKnownFileType = sourcecode.swift; path = QuoteView.swift; sourceTree = "<group>"; };
		E127D4DC28039C16004CE024 /* QuotesScreen.swift */ = {isa = PBXFileReference; lastKnownFileType = sourcecode.swift; path = QuotesScreen.swift; sourceTree = "<group>"; };
		E127D4DE28039C44004CE024 /* QuotesService.swift */ = {isa = PBXFileReference; lastKnownFileType = sourcecode.swift; path = QuotesService.swift; sourceTree = "<group>"; };
		E127D4E02804E3C0004CE024 /* QuotesViewModel.swift */ = {isa = PBXFileReference; lastKnownFileType = sourcecode.swift; path = QuotesViewModel.swift; sourceTree = "<group>"; };
		E127D4E22804E459004CE024 /* View+Preview.swift */ = {isa = PBXFileReference; lastKnownFileType = sourcecode.swift; path = "View+Preview.swift"; sourceTree = "<group>"; };
		E127D4E42804E4A7004CE024 /* LoadingView.swift */ = {isa = PBXFileReference; lastKnownFileType = sourcecode.swift; path = LoadingView.swift; sourceTree = "<group>"; };
/* End PBXFileReference section */

/* Begin PBXFrameworksBuildPhase section */
		E127D4B527FFCBEA004CE024 /* Frameworks */ = {
			isa = PBXFrameworksBuildPhase;
			buildActionMask = 2147483647;
			files = (
			);
			runOnlyForDeploymentPostprocessing = 0;
		};
/* End PBXFrameworksBuildPhase section */

/* Begin PBXGroup section */
		E127D4AF27FFCBEA004CE024 = {
			isa = PBXGroup;
			children = (
				E127D4BA27FFCBEA004CE024 /* projetoBase_MVVM */,
				E127D4B927FFCBEA004CE024 /* Products */,
			);
			sourceTree = "<group>";
		};
		E127D4B927FFCBEA004CE024 /* Products */ = {
			isa = PBXGroup;
			children = (
				E127D4B827FFCBEA004CE024 /* projetoBase_MVVM.app */,
			);
			name = Products;
			sourceTree = "<group>";
		};
		E127D4BA27FFCBEA004CE024 /* projetoBase_MVVM */ = {
			isa = PBXGroup;
			children = (
				E127D4CA27FFCCFC004CE024 /* Feature */,
				E127D4C927FFCCF4004CE024 /* Base */,
				E127D4BB27FFCBEA004CE024 /* projetoBase_MVVMApp.swift */,
				E127D4BD27FFCBEA004CE024 /* ContentView.swift */,
				E127D4BF27FFCBEE004CE024 /* Assets.xcassets */,
				E127D4C127FFCBEE004CE024 /* Preview Content */,
			);
			path = projetoBase_MVVM;
			sourceTree = "<group>";
		};
		E127D4C127FFCBEE004CE024 /* Preview Content */ = {
			isa = PBXGroup;
			children = (
				E127D4C227FFCBEE004CE024 /* Preview Assets.xcassets */,
			);
			path = "Preview Content";
			sourceTree = "<group>";
		};
		E127D4C927FFCCF4004CE024 /* Base */ = {
			isa = PBXGroup;
			children = (
				E127D4CD27FFCD55004CE024 /* View */,
				E127D4CC27FFCD49004CE024 /* Extensions */,
				E127D4CB27FFCD3B004CE024 /* Constants */,
			);
			path = Base;
			sourceTree = "<group>";
		};
		E127D4CA27FFCCFC004CE024 /* Feature */ = {
			isa = PBXGroup;
			children = (
				E127D4D027FFCD92004CE024 /* Quotes */,
			);
			path = Feature;
			sourceTree = "<group>";
		};
		E127D4CB27FFCD3B004CE024 /* Constants */ = {
			isa = PBXGroup;
			children = (
				E127D4D628033250004CE024 /* APIConstants.swift */,
			);
			path = Constants;
			sourceTree = "<group>";
		};
		E127D4CC27FFCD49004CE024 /* Extensions */ = {
			isa = PBXGroup;
			children = (
				E127D4CE27FFCD67004CE024 /* Modifiers */,
			);
			path = Extensions;
			sourceTree = "<group>";
		};
		E127D4CD27FFCD55004CE024 /* View */ = {
			isa = PBXGroup;
			children = (
				E127D4CF27FFCD73004CE024 /* Loading */,
			);
			path = View;
			sourceTree = "<group>";
		};
		E127D4CE27FFCD67004CE024 /* Modifiers */ = {
			isa = PBXGroup;
			children = (
				E127D4E22804E459004CE024 /* View+Preview.swift */,
			);
			path = Modifiers;
			sourceTree = "<group>";
		};
		E127D4CF27FFCD73004CE024 /* Loading */ = {
			isa = PBXGroup;
			children = (
				E127D4E42804E4A7004CE024 /* LoadingView.swift */,
			);
			path = Loading;
			sourceTree = "<group>";
		};
		E127D4D027FFCD92004CE024 /* Quotes */ = {
			isa = PBXGroup;
			children = (
				E127D4D527FFCDC4004CE024 /* ViewModel */,
				E127D4D427FFCDBB004CE024 /* View */,
				E127D4D327FFCDB0004CE024 /* Service */,
				E127D4D227FFCDA5004CE024 /* Screen */,
				E127D4D127FFCD9B004CE024 /* Model */,
			);
			path = Quotes;
			sourceTree = "<group>";
		};
		E127D4D127FFCD9B004CE024 /* Model */ = {
			isa = PBXGroup;
			children = (
				E127D4D82803348C004CE024 /* Model.swift */,
			);
			path = Model;
			sourceTree = "<group>";
		};
		E127D4D227FFCDA5004CE024 /* Screen */ = {
			isa = PBXGroup;
			children = (
				E127D4DC28039C16004CE024 /* QuotesScreen.swift */,
			);
			path = Screen;
			sourceTree = "<group>";
		};
		E127D4D327FFCDB0004CE024 /* Service */ = {
			isa = PBXGroup;
			children = (
				E127D4DE28039C44004CE024 /* QuotesService.swift */,
			);
			path = Service;
			sourceTree = "<group>";
		};
		E127D4D427FFCDBB004CE024 /* View */ = {
			isa = PBXGroup;
			children = (
				E127D4DA28033799004CE024 /* QuoteView.swift */,
			);
			path = View;
			sourceTree = "<group>";
		};
		E127D4D527FFCDC4004CE024 /* ViewModel */ = {
			isa = PBXGroup;
			children = (
				E127D4E02804E3C0004CE024 /* QuotesViewModel.swift */,
			);
			path = ViewModel;
			sourceTree = "<group>";
		};
/* End PBXGroup section */

/* Begin PBXNativeTarget section */
		E127D4B727FFCBEA004CE024 /* projetoBase_MVVM */ = {
			isa = PBXNativeTarget;
			buildConfigurationList = E127D4C627FFCBEE004CE024 /* Build configuration list for PBXNativeTarget "projetoBase_MVVM" */;
			buildPhases = (
				E127D4B427FFCBEA004CE024 /* Sources */,
				E127D4B527FFCBEA004CE024 /* Frameworks */,
				E127D4B627FFCBEA004CE024 /* Resources */,
			);
			buildRules = (
			);
			dependencies = (
			);
			name = projetoBase_MVVM;
			productName = projetoBase_MVVM;
			productReference = E127D4B827FFCBEA004CE024 /* projetoBase_MVVM.app */;
			productType = "com.apple.product-type.application";
		};
/* End PBXNativeTarget section */

/* Begin PBXProject section */
		E127D4B027FFCBEA004CE024 /* Project object */ = {
			isa = PBXProject;
			attributes = {
				BuildIndependentTargetsInParallel = 1;
				LastSwiftUpdateCheck = 1330;
				LastUpgradeCheck = 1330;
				TargetAttributes = {
					E127D4B727FFCBEA004CE024 = {
						CreatedOnToolsVersion = 13.3;
					};
				};
			};
			buildConfigurationList = E127D4B327FFCBEA004CE024 /* Build configuration list for PBXProject "projetoBase_MVVM" */;
			compatibilityVersion = "Xcode 13.0";
			developmentRegion = en;
			hasScannedForEncodings = 0;
			knownRegions = (
				en,
				Base,
			);
			mainGroup = E127D4AF27FFCBEA004CE024;
			productRefGroup = E127D4B927FFCBEA004CE024 /* Products */;
			projectDirPath = "";
			projectRoot = "";
			targets = (
				E127D4B727FFCBEA004CE024 /* projetoBase_MVVM */,
			);
		};
/* End PBXProject section */

/* Begin PBXResourcesBuildPhase section */
		E127D4B627FFCBEA004CE024 /* Resources */ = {
			isa = PBXResourcesBuildPhase;
			buildActionMask = 2147483647;
			files = (
				E127D4C327FFCBEE004CE024 /* Preview Assets.xcassets in Resources */,
				E127D4C027FFCBEE004CE024 /* Assets.xcassets in Resources */,
			);
			runOnlyForDeploymentPostprocessing = 0;
		};
/* End PBXResourcesBuildPhase section */

/* Begin PBXSourcesBuildPhase section */
		E127D4B427FFCBEA004CE024 /* Sources */ = {
			isa = PBXSourcesBuildPhase;
			buildActionMask = 2147483647;
			files = (
				E127D4DD28039C16004CE024 /* QuotesScreen.swift in Sources */,
				E127D4DF28039C44004CE024 /* QuotesService.swift in Sources */,
				E127D4E32804E459004CE024 /* View+Preview.swift in Sources */,
				E127D4E52804E4A7004CE024 /* LoadingView.swift in Sources */,
				E127D4BE27FFCBEA004CE024 /* ContentView.swift in Sources */,
				E127D4BC27FFCBEA004CE024 /* projetoBase_MVVMApp.swift in Sources */,
				E127D4D728033250004CE024 /* APIConstants.swift in Sources */,
				E127D4E12804E3C0004CE024 /* QuotesViewModel.swift in Sources */,
				E127D4D92803348C004CE024 /* Model.swift in Sources */,
				E127D4DB28033799004CE024 /* QuoteView.swift in Sources */,
			);
			runOnlyForDeploymentPostprocessing = 0;
		};
/* End PBXSourcesBuildPhase section */

/* Begin XCBuildConfiguration section */
		E127D4C427FFCBEE004CE024 /* Debug */ = {
			isa = XCBuildConfiguration;
			buildSettings = {
				ALWAYS_SEARCH_USER_PATHS = NO;
				CLANG_ANALYZER_NONNULL = YES;
				CLANG_ANALYZER_NUMBER_OBJECT_CONVERSION = YES_AGGRESSIVE;
				CLANG_CXX_LANGUAGE_STANDARD = "gnu++17";
				CLANG_ENABLE_MODULES = YES;
				CLANG_ENABLE_OBJC_ARC = YES;
				CLANG_ENABLE_OBJC_WEAK = YES;
				CLANG_WARN_BLOCK_CAPTURE_AUTORELEASING = YES;
				CLANG_WARN_BOOL_CONVERSION = YES;
				CLANG_WARN_COMMA = YES;
				CLANG_WARN_CONSTANT_CONVERSION = YES;
				CLANG_WARN_DEPRECATED_OBJC_IMPLEMENTATIONS = YES;
				CLANG_WARN_DIRECT_OBJC_ISA_USAGE = YES_ERROR;
				CLANG_WARN_DOCUMENTATION_COMMENTS = YES;
				CLANG_WARN_EMPTY_BODY = YES;
				CLANG_WARN_ENUM_CONVERSION = YES;
				CLANG_WARN_INFINITE_RECURSION = YES;
				CLANG_WARN_INT_CONVERSION = YES;
				CLANG_WARN_NON_LITERAL_NULL_CONVERSION = YES;
				CLANG_WARN_OBJC_IMPLICIT_RETAIN_SELF = YES;
				CLANG_WARN_OBJC_LITERAL_CONVERSION = YES;
				CLANG_WARN_OBJC_ROOT_CLASS = YES_ERROR;
				CLANG_WARN_QUOTED_INCLUDE_IN_FRAMEWORK_HEADER = YES;
				CLANG_WARN_RANGE_LOOP_ANALYSIS = YES;
				CLANG_WARN_STRICT_PROTOTYPES = YES;
				CLANG_WARN_SUSPICIOUS_MOVE = YES;
				CLANG_WARN_UNGUARDED_AVAILABILITY = YES_AGGRESSIVE;
				CLANG_WARN_UNREACHABLE_CODE = YES;
				CLANG_WARN__DUPLICATE_METHOD_MATCH = YES;
				COPY_PHASE_STRIP = NO;
				DEBUG_INFORMATION_FORMAT = dwarf;
				ENABLE_STRICT_OBJC_MSGSEND = YES;
				ENABLE_TESTABILITY = YES;
				GCC_C_LANGUAGE_STANDARD = gnu11;
				GCC_DYNAMIC_NO_PIC = NO;
				GCC_NO_COMMON_BLOCKS = YES;
				GCC_OPTIMIZATION_LEVEL = 0;
				GCC_PREPROCESSOR_DEFINITIONS = (
					"DEBUG=1",
					"$(inherited)",
				);
				GCC_WARN_64_TO_32_BIT_CONVERSION = YES;
				GCC_WARN_ABOUT_RETURN_TYPE = YES_ERROR;
				GCC_WARN_UNDECLARED_SELECTOR = YES;
				GCC_WARN_UNINITIALIZED_AUTOS = YES_AGGRESSIVE;
				GCC_WARN_UNUSED_FUNCTION = YES;
				GCC_WARN_UNUSED_VARIABLE = YES;
				IPHONEOS_DEPLOYMENT_TARGET = 15.4;
				MTL_ENABLE_DEBUG_INFO = INCLUDE_SOURCE;
				MTL_FAST_MATH = YES;
				ONLY_ACTIVE_ARCH = YES;
				SDKROOT = iphoneos;
				SWIFT_ACTIVE_COMPILATION_CONDITIONS = DEBUG;
				SWIFT_OPTIMIZATION_LEVEL = "-Onone";
			};
			name = Debug;
		};
		E127D4C527FFCBEE004CE024 /* Release */ = {
			isa = XCBuildConfiguration;
			buildSettings = {
				ALWAYS_SEARCH_USER_PATHS = NO;
				CLANG_ANALYZER_NONNULL = YES;
				CLANG_ANALYZER_NUMBER_OBJECT_CONVERSION = YES_AGGRESSIVE;
				CLANG_CXX_LANGUAGE_STANDARD = "gnu++17";
				CLANG_ENABLE_MODULES = YES;
				CLANG_ENABLE_OBJC_ARC = YES;
				CLANG_ENABLE_OBJC_WEAK = YES;
				CLANG_WARN_BLOCK_CAPTURE_AUTORELEASING = YES;
				CLANG_WARN_BOOL_CONVERSION = YES;
				CLANG_WARN_COMMA = YES;
				CLANG_WARN_CONSTANT_CONVERSION = YES;
				CLANG_WARN_DEPRECATED_OBJC_IMPLEMENTATIONS = YES;
				CLANG_WARN_DIRECT_OBJC_ISA_USAGE = YES_ERROR;
				CLANG_WARN_DOCUMENTATION_COMMENTS = YES;
				CLANG_WARN_EMPTY_BODY = YES;
				CLANG_WARN_ENUM_CONVERSION = YES;
				CLANG_WARN_INFINITE_RECURSION = YES;
				CLANG_WARN_INT_CONVERSION = YES;
				CLANG_WARN_NON_LITERAL_NULL_CONVERSION = YES;
				CLANG_WARN_OBJC_IMPLICIT_RETAIN_SELF = YES;
				CLANG_WARN_OBJC_LITERAL_CONVERSION = YES;
				CLANG_WARN_OBJC_ROOT_CLASS = YES_ERROR;
				CLANG_WARN_QUOTED_INCLUDE_IN_FRAMEWORK_HEADER = YES;
				CLANG_WARN_RANGE_LOOP_ANALYSIS = YES;
				CLANG_WARN_STRICT_PROTOTYPES = YES;
				CLANG_WARN_SUSPICIOUS_MOVE = YES;
				CLANG_WARN_UNGUARDED_AVAILABILITY = YES_AGGRESSIVE;
				CLANG_WARN_UNREACHABLE_CODE = YES;
				CLANG_WARN__DUPLICATE_METHOD_MATCH = YES;
				COPY_PHASE_STRIP = NO;
				DEBUG_INFORMATION_FORMAT = "dwarf-with-dsym";
				ENABLE_NS_ASSERTIONS = NO;
				ENABLE_STRICT_OBJC_MSGSEND = YES;
				GCC_C_LANGUAGE_STANDARD = gnu11;
				GCC_NO_COMMON_BLOCKS = YES;
				GCC_WARN_64_TO_32_BIT_CONVERSION = YES;
				GCC_WARN_ABOUT_RETURN_TYPE = YES_ERROR;
				GCC_WARN_UNDECLARED_SELECTOR = YES;
				GCC_WARN_UNINITIALIZED_AUTOS = YES_AGGRESSIVE;
				GCC_WARN_UNUSED_FUNCTION = YES;
				GCC_WARN_UNUSED_VARIABLE = YES;
				IPHONEOS_DEPLOYMENT_TARGET = 15.4;
				MTL_ENABLE_DEBUG_INFO = NO;
				MTL_FAST_MATH = YES;
				SDKROOT = iphoneos;
				SWIFT_COMPILATION_MODE = wholemodule;
				SWIFT_OPTIMIZATION_LEVEL = "-O";
				VALIDATE_PRODUCT = YES;
			};
			name = Release;
		};
		E127D4C727FFCBEE004CE024 /* Debug */ = {
			isa = XCBuildConfiguration;
			buildSettings = {
				ASSETCATALOG_COMPILER_APPICON_NAME = AppIcon;
				ASSETCATALOG_COMPILER_GLOBAL_ACCENT_COLOR_NAME = AccentColor;
				CODE_SIGN_STYLE = Automatic;
				CURRENT_PROJECT_VERSION = 1;
				DEVELOPMENT_ASSET_PATHS = "\"projetoBase_MVVM/Preview Content\"";
				DEVELOPMENT_TEAM = 4DLN7FPJ74;
				ENABLE_PREVIEWS = YES;
				GENERATE_INFOPLIST_FILE = YES;
				INFOPLIST_KEY_UIApplicationSceneManifest_Generation = YES;
				INFOPLIST_KEY_UIApplicationSupportsIndirectInputEvents = YES;
				INFOPLIST_KEY_UILaunchScreen_Generation = YES;
				INFOPLIST_KEY_UISupportedInterfaceOrientations_iPad = "UIInterfaceOrientationPortrait UIInterfaceOrientationPortraitUpsideDown UIInterfaceOrientationLandscapeLeft UIInterfaceOrientationLandscapeRight";
				INFOPLIST_KEY_UISupportedInterfaceOrientations_iPhone = "UIInterfaceOrientationPortrait UIInterfaceOrientationLandscapeLeft UIInterfaceOrientationLandscapeRight";
				LD_RUNPATH_SEARCH_PATHS = (
					"$(inherited)",
					"@executable_path/Frameworks",
				);
				MARKETING_VERSION = 1.0;
				PRODUCT_BUNDLE_IDENTIFIER = "com.rgeiss.projetoBase-MVVM";
				PRODUCT_NAME = "$(TARGET_NAME)";
				SWIFT_EMIT_LOC_STRINGS = YES;
				SWIFT_VERSION = 5.0;
				TARGETED_DEVICE_FAMILY = "1,2";
			};
			name = Debug;
		};
		E127D4C827FFCBEE004CE024 /* Release */ = {
			isa = XCBuildConfiguration;
			buildSettings = {
				ASSETCATALOG_COMPILER_APPICON_NAME = AppIcon;
				ASSETCATALOG_COMPILER_GLOBAL_ACCENT_COLOR_NAME = AccentColor;
				CODE_SIGN_STYLE = Automatic;
				CURRENT_PROJECT_VERSION = 1;
				DEVELOPMENT_ASSET_PATHS = "\"projetoBase_MVVM/Preview Content\"";
				DEVELOPMENT_TEAM = 4DLN7FPJ74;
				ENABLE_PREVIEWS = YES;
				GENERATE_INFOPLIST_FILE = YES;
				INFOPLIST_KEY_UIApplicationSceneManifest_Generation = YES;
				INFOPLIST_KEY_UIApplicationSupportsIndirectInputEvents = YES;
				INFOPLIST_KEY_UILaunchScreen_Generation = YES;
				INFOPLIST_KEY_UISupportedInterfaceOrientations_iPad = "UIInterfaceOrientationPortrait UIInterfaceOrientationPortraitUpsideDown UIInterfaceOrientationLandscapeLeft UIInterfaceOrientationLandscapeRight";
				INFOPLIST_KEY_UISupportedInterfaceOrientations_iPhone = "UIInterfaceOrientationPortrait UIInterfaceOrientationLandscapeLeft UIInterfaceOrientationLandscapeRight";
				LD_RUNPATH_SEARCH_PATHS = (
					"$(inherited)",
					"@executable_path/Frameworks",
				);
				MARKETING_VERSION = 1.0;
				PRODUCT_BUNDLE_IDENTIFIER = "com.rgeiss.projetoBase-MVVM";
				PRODUCT_NAME = "$(TARGET_NAME)";
				SWIFT_EMIT_LOC_STRINGS = YES;
				SWIFT_VERSION = 5.0;
				TARGETED_DEVICE_FAMILY = "1,2";
			};
			name = Release;
		};
/* End XCBuildConfiguration section */

/* Begin XCConfigurationList section */
		E127D4B327FFCBEA004CE024 /* Build configuration list for PBXProject "projetoBase_MVVM" */ = {
			isa = XCConfigurationList;
			buildConfigurations = (
				E127D4C427FFCBEE004CE024 /* Debug */,
				E127D4C527FFCBEE004CE024 /* Release */,
			);
			defaultConfigurationIsVisible = 0;
			defaultConfigurationName = Release;
		};
		E127D4C627FFCBEE004CE024 /* Build configuration list for PBXNativeTarget "projetoBase_MVVM" */ = {
			isa = XCConfigurationList;
			buildConfigurations = (
				E127D4C727FFCBEE004CE024 /* Debug */,
				E127D4C827FFCBEE004CE024 /* Release */,
			);
			defaultConfigurationIsVisible = 0;
			defaultConfigurationName = Release;
		};
/* End XCConfigurationList section */
	};
	rootObject = E127D4B027FFCBEA004CE024 /* Project object */;
}
